// !$*UTF8*$!
{
	archiveVersion = 1;
	classes = {
	};
	objectVersion = 46;
	objects = {

/* Begin PBXBuildFile section */
		0119FD151578608C007FC7A2 /* AVFoundation.framework in Frameworks */ = {isa = PBXBuildFile; fileRef = 0119FD141578608C007FC7A2 /* AVFoundation.framework */; };
		011ED66E151C5E970017C94C /* _ZZLog.m in Sources */ = {isa = PBXBuildFile; fileRef = 011ED662151C5E970017C94C /* _ZZLog.m */; };
		011ED66F151C5E970017C94C /* _ZZLogEntry.m in Sources */ = {isa = PBXBuildFile; fileRef = 011ED664151C5E970017C94C /* _ZZLogEntry.m */; };
		011ED670151C5E970017C94C /* _ZZServerObject.m in Sources */ = {isa = PBXBuildFile; fileRef = 011ED666151C5E970017C94C /* _ZZServerObject.m */; };
		011ED671151C5E970017C94C /* ZZLog.m in Sources */ = {isa = PBXBuildFile; fileRef = 011ED669151C5E970017C94C /* ZZLog.m */; };
		011ED672151C5E970017C94C /* ZZLogEntry.m in Sources */ = {isa = PBXBuildFile; fileRef = 011ED66B151C5E970017C94C /* ZZLogEntry.m */; };
		011ED673151C5E970017C94C /* ZZServerObject.m in Sources */ = {isa = PBXBuildFile; fileRef = 011ED66D151C5E970017C94C /* ZZServerObject.m */; };
		011ED676151C5FB00017C94C /* FeatureList.rtf in Resources */ = {isa = PBXBuildFile; fileRef = 011ED675151C5FB00017C94C /* FeatureList.rtf */; };
		012E805F153FCCB9003C4406 /* Storyboard.storyboard in Resources */ = {isa = PBXBuildFile; fileRef = 012E805E153FCCB9003C4406 /* Storyboard.storyboard */; };
		016ACABD1578A74100B16089 /* AudioToolbox.framework in Frameworks */ = {isa = PBXBuildFile; fileRef = 016ACABC1578A74100B16089 /* AudioToolbox.framework */; };
		01AFB61C15223B280078998E /* MessageUI.framework in Frameworks */ = {isa = PBXBuildFile; fileRef = 01AFB61B15223B280078998E /* MessageUI.framework */; };
		01C3F302151C2B0100DED74F /* UIKit.framework in Frameworks */ = {isa = PBXBuildFile; fileRef = 01C3F301151C2B0100DED74F /* UIKit.framework */; };
		01C3F304151C2B0100DED74F /* Foundation.framework in Frameworks */ = {isa = PBXBuildFile; fileRef = 01C3F303151C2B0100DED74F /* Foundation.framework */; };
		01C3F306151C2B0100DED74F /* CoreGraphics.framework in Frameworks */ = {isa = PBXBuildFile; fileRef = 01C3F305151C2B0100DED74F /* CoreGraphics.framework */; };
		01C3F308151C2B0100DED74F /* CoreData.framework in Frameworks */ = {isa = PBXBuildFile; fileRef = 01C3F307151C2B0100DED74F /* CoreData.framework */; };
		01C3F30E151C2B0100DED74F /* InfoPlist.strings in Resources */ = {isa = PBXBuildFile; fileRef = 01C3F30C151C2B0100DED74F /* InfoPlist.strings */; };
		01C3F310151C2B0100DED74F /* main.m in Sources */ = {isa = PBXBuildFile; fileRef = 01C3F30F151C2B0100DED74F /* main.m */; };
		01C3F314151C2B0100DED74F /* ZZAppDelegate.m in Sources */ = {isa = PBXBuildFile; fileRef = 01C3F313151C2B0100DED74F /* ZZAppDelegate.m */; };
		01C3F317151C2B0200DED74F /* OpenSleep.xcdatamodeld in Sources */ = {isa = PBXBuildFile; fileRef = 01C3F315151C2B0200DED74F /* OpenSleep.xcdatamodeld */; };
		01CA2FC7151EDD2C007B1D52 /* ZZConfigurationViewController.m in Sources */ = {isa = PBXBuildFile; fileRef = 01CA2FC6151EDD2C007B1D52 /* ZZConfigurationViewController.m */; };
		01CA2FCA151EDE52007B1D52 /* ZZLogsViewController.m in Sources */ = {isa = PBXBuildFile; fileRef = 01CA2FC9151EDE52007B1D52 /* ZZLogsViewController.m */; };
		01CA2FCD151EDE83007B1D52 /* ZZLogCell.m in Sources */ = {isa = PBXBuildFile; fileRef = 01CA2FCC151EDE83007B1D52 /* ZZLogCell.m */; };
		01CA2FD415202374007B1D52 /* _ZZSession.m in Sources */ = {isa = PBXBuildFile; fileRef = 01CA2FD115202374007B1D52 /* _ZZSession.m */; };
		01CA2FD515202374007B1D52 /* ZZSession.m in Sources */ = {isa = PBXBuildFile; fileRef = 01CA2FD315202374007B1D52 /* ZZSession.m */; };
		01CA2FD8152025BB007B1D52 /* ZZLogger.m in Sources */ = {isa = PBXBuildFile; fileRef = 01CA2FD7152025BB007B1D52 /* ZZLogger.m */; };
		01CA2FDE152028FC007B1D52 /* _ZZAccelerometerLogEntry.m in Sources */ = {isa = PBXBuildFile; fileRef = 01CA2FDB152028FC007B1D52 /* _ZZAccelerometerLogEntry.m */; };
		01CA2FDF152028FC007B1D52 /* ZZAccelerometerLogEntry.m in Sources */ = {isa = PBXBuildFile; fileRef = 01CA2FDD152028FC007B1D52 /* ZZAccelerometerLogEntry.m */; };
		01CA2FE4152029F5007B1D52 /* ZZDataViewController.m in Sources */ = {isa = PBXBuildFile; fileRef = 01CA2FE3152029F5007B1D52 /* ZZDataViewController.m */; };
/* End PBXBuildFile section */

/* Begin PBXFileReference section */
		0119FD141578608C007FC7A2 /* AVFoundation.framework */ = {isa = PBXFileReference; lastKnownFileType = wrapper.framework; name = AVFoundation.framework; path = System/Library/Frameworks/AVFoundation.framework; sourceTree = SDKROOT; };
		011ED661151C5E970017C94C /* _ZZLog.h */ = {isa = PBXFileReference; fileEncoding = 4; lastKnownFileType = sourcecode.c.h; name = _ZZLog.h; path = CoreData/_ZZLog.h; sourceTree = "<group>"; };
		011ED662151C5E970017C94C /* _ZZLog.m */ = {isa = PBXFileReference; fileEncoding = 4; lastKnownFileType = sourcecode.c.objc; name = _ZZLog.m; path = CoreData/_ZZLog.m; sourceTree = "<group>"; };
		011ED663151C5E970017C94C /* _ZZLogEntry.h */ = {isa = PBXFileReference; fileEncoding = 4; lastKnownFileType = sourcecode.c.h; name = _ZZLogEntry.h; path = CoreData/_ZZLogEntry.h; sourceTree = "<group>"; };
		011ED664151C5E970017C94C /* _ZZLogEntry.m */ = {isa = PBXFileReference; fileEncoding = 4; lastKnownFileType = sourcecode.c.objc; name = _ZZLogEntry.m; path = CoreData/_ZZLogEntry.m; sourceTree = "<group>"; };
		011ED665151C5E970017C94C /* _ZZServerObject.h */ = {isa = PBXFileReference; fileEncoding = 4; lastKnownFileType = sourcecode.c.h; name = _ZZServerObject.h; path = CoreData/_ZZServerObject.h; sourceTree = "<group>"; };
		011ED666151C5E970017C94C /* _ZZServerObject.m */ = {isa = PBXFileReference; fileEncoding = 4; lastKnownFileType = sourcecode.c.objc; name = _ZZServerObject.m; path = CoreData/_ZZServerObject.m; sourceTree = "<group>"; };
		011ED667151C5E970017C94C /* CoreDataModel.h */ = {isa = PBXFileReference; fileEncoding = 4; lastKnownFileType = sourcecode.c.h; name = CoreDataModel.h; path = CoreData/CoreDataModel.h; sourceTree = "<group>"; };
		011ED668151C5E970017C94C /* ZZLog.h */ = {isa = PBXFileReference; fileEncoding = 4; lastKnownFileType = sourcecode.c.h; name = ZZLog.h; path = CoreData/ZZLog.h; sourceTree = "<group>"; };
		011ED669151C5E970017C94C /* ZZLog.m */ = {isa = PBXFileReference; fileEncoding = 4; lastKnownFileType = sourcecode.c.objc; name = ZZLog.m; path = CoreData/ZZLog.m; sourceTree = "<group>"; };
		011ED66A151C5E970017C94C /* ZZLogEntry.h */ = {isa = PBXFileReference; fileEncoding = 4; lastKnownFileType = sourcecode.c.h; name = ZZLogEntry.h; path = CoreData/ZZLogEntry.h; sourceTree = "<group>"; };
		011ED66B151C5E970017C94C /* ZZLogEntry.m */ = {isa = PBXFileReference; fileEncoding = 4; lastKnownFileType = sourcecode.c.objc; name = ZZLogEntry.m; path = CoreData/ZZLogEntry.m; sourceTree = "<group>"; };
		011ED66C151C5E970017C94C /* ZZServerObject.h */ = {isa = PBXFileReference; fileEncoding = 4; lastKnownFileType = sourcecode.c.h; name = ZZServerObject.h; path = CoreData/ZZServerObject.h; sourceTree = "<group>"; };
		011ED66D151C5E970017C94C /* ZZServerObject.m */ = {isa = PBXFileReference; fileEncoding = 4; lastKnownFileType = sourcecode.c.objc; name = ZZServerObject.m; path = CoreData/ZZServerObject.m; sourceTree = "<group>"; };
		011ED674151C5EF90017C94C /* CWLSynthesizeSingleton.h */ = {isa = PBXFileReference; fileEncoding = 4; lastKnownFileType = sourcecode.c.h; path = CWLSynthesizeSingleton.h; sourceTree = "<group>"; };
		011ED675151C5FB00017C94C /* FeatureList.rtf */ = {isa = PBXFileReference; fileEncoding = 4; lastKnownFileType = text.rtf; path = FeatureList.rtf; sourceTree = "<group>"; };
		012E805E153FCCB9003C4406 /* Storyboard.storyboard */ = {isa = PBXFileReference; fileEncoding = 4; lastKnownFileType = file.storyboard; path = Storyboard.storyboard; sourceTree = "<group>"; };
		01531C53153FCB7900E55B0D /* OpenSleep.entitlements */ = {isa = PBXFileReference; lastKnownFileType = text.xml; path = OpenSleep.entitlements; sourceTree = "<group>"; };
		016ACABC1578A74100B16089 /* AudioToolbox.framework */ = {isa = PBXFileReference; lastKnownFileType = wrapper.framework; name = AudioToolbox.framework; path = System/Library/Frameworks/AudioToolbox.framework; sourceTree = SDKROOT; };
		01AFB61B15223B280078998E /* MessageUI.framework */ = {isa = PBXFileReference; lastKnownFileType = wrapper.framework; name = MessageUI.framework; path = System/Library/Frameworks/MessageUI.framework; sourceTree = SDKROOT; };
		01C3F2FD151C2B0100DED74F /* OpenSleep.app */ = {isa = PBXFileReference; explicitFileType = wrapper.application; includeInIndex = 0; path = OpenSleep.app; sourceTree = BUILT_PRODUCTS_DIR; };
		01C3F301151C2B0100DED74F /* UIKit.framework */ = {isa = PBXFileReference; lastKnownFileType = wrapper.framework; name = UIKit.framework; path = System/Library/Frameworks/UIKit.framework; sourceTree = SDKROOT; };
		01C3F303151C2B0100DED74F /* Foundation.framework */ = {isa = PBXFileReference; lastKnownFileType = wrapper.framework; name = Foundation.framework; path = System/Library/Frameworks/Foundation.framework; sourceTree = SDKROOT; };
		01C3F305151C2B0100DED74F /* CoreGraphics.framework */ = {isa = PBXFileReference; lastKnownFileType = wrapper.framework; name = CoreGraphics.framework; path = System/Library/Frameworks/CoreGraphics.framework; sourceTree = SDKROOT; };
		01C3F307151C2B0100DED74F /* CoreData.framework */ = {isa = PBXFileReference; lastKnownFileType = wrapper.framework; name = CoreData.framework; path = System/Library/Frameworks/CoreData.framework; sourceTree = SDKROOT; };
		01C3F30B151C2B0100DED74F /* OpenSleep-Info.plist */ = {isa = PBXFileReference; lastKnownFileType = text.plist.xml; path = "OpenSleep-Info.plist"; sourceTree = "<group>"; };
		01C3F30D151C2B0100DED74F /* en */ = {isa = PBXFileReference; lastKnownFileType = text.plist.strings; name = en; path = en.lproj/InfoPlist.strings; sourceTree = "<group>"; };
		01C3F30F151C2B0100DED74F /* main.m */ = {isa = PBXFileReference; lastKnownFileType = sourcecode.c.objc; path = main.m; sourceTree = "<group>"; };
		01C3F311151C2B0100DED74F /* OpenSleep-Prefix.pch */ = {isa = PBXFileReference; lastKnownFileType = sourcecode.c.h; path = "OpenSleep-Prefix.pch"; sourceTree = "<group>"; };
		01C3F312151C2B0100DED74F /* ZZAppDelegate.h */ = {isa = PBXFileReference; lastKnownFileType = sourcecode.c.h; path = ZZAppDelegate.h; sourceTree = "<group>"; };
		01C3F313151C2B0100DED74F /* ZZAppDelegate.m */ = {isa = PBXFileReference; lastKnownFileType = sourcecode.c.objc; path = ZZAppDelegate.m; sourceTree = "<group>"; };
		01C3F316151C2B0200DED74F /* OpenSleep.xcdatamodel */ = {isa = PBXFileReference; lastKnownFileType = wrapper.xcdatamodel; path = OpenSleep.xcdatamodel; sourceTree = "<group>"; };
		01CA2FC5151EDD2C007B1D52 /* ZZConfigurationViewController.h */ = {isa = PBXFileReference; fileEncoding = 4; lastKnownFileType = sourcecode.c.h; name = ZZConfigurationViewController.h; path = ../ZZConfigurationViewController.h; sourceTree = "<group>"; };
		01CA2FC6151EDD2C007B1D52 /* ZZConfigurationViewController.m */ = {isa = PBXFileReference; fileEncoding = 4; lastKnownFileType = sourcecode.c.objc; name = ZZConfigurationViewController.m; path = ../ZZConfigurationViewController.m; sourceTree = "<group>"; };
		01CA2FC8151EDE52007B1D52 /* ZZLogsViewController.h */ = {isa = PBXFileReference; fileEncoding = 4; lastKnownFileType = sourcecode.c.h; name = ZZLogsViewController.h; path = ../ZZLogsViewController.h; sourceTree = "<group>"; };
		01CA2FC9151EDE52007B1D52 /* ZZLogsViewController.m */ = {isa = PBXFileReference; fileEncoding = 4; lastKnownFileType = sourcecode.c.objc; name = ZZLogsViewController.m; path = ../ZZLogsViewController.m; sourceTree = "<group>"; };
		01CA2FCB151EDE83007B1D52 /* ZZLogCell.h */ = {isa = PBXFileReference; fileEncoding = 4; lastKnownFileType = sourcecode.c.h; name = ZZLogCell.h; path = ../ZZLogCell.h; sourceTree = "<group>"; };
		01CA2FCC151EDE83007B1D52 /* ZZLogCell.m */ = {isa = PBXFileReference; fileEncoding = 4; lastKnownFileType = sourcecode.c.objc; name = ZZLogCell.m; path = ../ZZLogCell.m; sourceTree = "<group>"; };
		01CA2FD015202374007B1D52 /* _ZZSession.h */ = {isa = PBXFileReference; fileEncoding = 4; lastKnownFileType = sourcecode.c.h; name = _ZZSession.h; path = CoreData/_ZZSession.h; sourceTree = "<group>"; };
		01CA2FD115202374007B1D52 /* _ZZSession.m */ = {isa = PBXFileReference; fileEncoding = 4; lastKnownFileType = sourcecode.c.objc; name = _ZZSession.m; path = CoreData/_ZZSession.m; sourceTree = "<group>"; };
		01CA2FD215202374007B1D52 /* ZZSession.h */ = {isa = PBXFileReference; fileEncoding = 4; lastKnownFileType = sourcecode.c.h; name = ZZSession.h; path = CoreData/ZZSession.h; sourceTree = "<group>"; };
		01CA2FD315202374007B1D52 /* ZZSession.m */ = {isa = PBXFileReference; fileEncoding = 4; lastKnownFileType = sourcecode.c.objc; name = ZZSession.m; path = CoreData/ZZSession.m; sourceTree = "<group>"; };
		01CA2FD6152025BB007B1D52 /* ZZLogger.h */ = {isa = PBXFileReference; fileEncoding = 4; lastKnownFileType = sourcecode.c.h; path = ZZLogger.h; sourceTree = "<group>"; };
		01CA2FD7152025BB007B1D52 /* ZZLogger.m */ = {isa = PBXFileReference; fileEncoding = 4; lastKnownFileType = sourcecode.c.objc; path = ZZLogger.m; sourceTree = "<group>"; };
		01CA2FDA152028FC007B1D52 /* _ZZAccelerometerLogEntry.h */ = {isa = PBXFileReference; fileEncoding = 4; lastKnownFileType = sourcecode.c.h; name = _ZZAccelerometerLogEntry.h; path = CoreData/_ZZAccelerometerLogEntry.h; sourceTree = "<group>"; };
		01CA2FDB152028FC007B1D52 /* _ZZAccelerometerLogEntry.m */ = {isa = PBXFileReference; fileEncoding = 4; lastKnownFileType = sourcecode.c.objc; name = _ZZAccelerometerLogEntry.m; path = CoreData/_ZZAccelerometerLogEntry.m; sourceTree = "<group>"; };
		01CA2FDC152028FC007B1D52 /* ZZAccelerometerLogEntry.h */ = {isa = PBXFileReference; fileEncoding = 4; lastKnownFileType = sourcecode.c.h; name = ZZAccelerometerLogEntry.h; path = CoreData/ZZAccelerometerLogEntry.h; sourceTree = "<group>"; };
		01CA2FDD152028FC007B1D52 /* ZZAccelerometerLogEntry.m */ = {isa = PBXFileReference; fileEncoding = 4; lastKnownFileType = sourcecode.c.objc; name = ZZAccelerometerLogEntry.m; path = CoreData/ZZAccelerometerLogEntry.m; sourceTree = "<group>"; };
		01CA2FE2152029F5007B1D52 /* ZZDataViewController.h */ = {isa = PBXFileReference; fileEncoding = 4; lastKnownFileType = sourcecode.c.h; path = ZZDataViewController.h; sourceTree = "<group>"; };
		01CA2FE3152029F5007B1D52 /* ZZDataViewController.m */ = {isa = PBXFileReference; fileEncoding = 4; lastKnownFileType = sourcecode.c.objc; path = ZZDataViewController.m; sourceTree = "<group>"; };
/* End PBXFileReference section */

/* Begin PBXFrameworksBuildPhase section */
		01C3F2FA151C2B0100DED74F /* Frameworks */ = {
			isa = PBXFrameworksBuildPhase;
			buildActionMask = 2147483647;
			files = (
				016ACABD1578A74100B16089 /* AudioToolbox.framework in Frameworks */,
				0119FD151578608C007FC7A2 /* AVFoundation.framework in Frameworks */,
				01AFB61C15223B280078998E /* MessageUI.framework in Frameworks */,
				01C3F302151C2B0100DED74F /* UIKit.framework in Frameworks */,
				01C3F304151C2B0100DED74F /* Foundation.framework in Frameworks */,
				01C3F306151C2B0100DED74F /* CoreGraphics.framework in Frameworks */,
				01C3F308151C2B0100DED74F /* CoreData.framework in Frameworks */,
			);
			runOnlyForDeploymentPostprocessing = 0;
		};
/* End PBXFrameworksBuildPhase section */

/* Begin PBXGroup section */
		011ED65F151C5E870017C94C /* Core Data */ = {
			isa = PBXGroup;
			children = (
				01CA2FE1152029CF007B1D52 /* Machine Files */,
				01CA2FD215202374007B1D52 /* ZZSession.h */,
				01CA2FD315202374007B1D52 /* ZZSession.m */,
				01C3F315151C2B0200DED74F /* OpenSleep.xcdatamodeld */,
				011ED667151C5E970017C94C /* CoreDataModel.h */,
				011ED668151C5E970017C94C /* ZZLog.h */,
				011ED669151C5E970017C94C /* ZZLog.m */,
				011ED66A151C5E970017C94C /* ZZLogEntry.h */,
				011ED66B151C5E970017C94C /* ZZLogEntry.m */,
				011ED66C151C5E970017C94C /* ZZServerObject.h */,
				011ED66D151C5E970017C94C /* ZZServerObject.m */,
			);
			name = "Core Data";
			path = ..;
			sourceTree = "<group>";
		};
		01C3F2F2151C2B0100DED74F = {
			isa = PBXGroup;
			children = (
				016ACABC1578A74100B16089 /* AudioToolbox.framework */,
				0119FD141578608C007FC7A2 /* AVFoundation.framework */,
				012E805E153FCCB9003C4406 /* Storyboard.storyboard */,
				011ED675151C5FB00017C94C /* FeatureList.rtf */,
				011ED674151C5EF90017C94C /* CWLSynthesizeSingleton.h */,
				01C3F309151C2B0100DED74F /* OpenSleep */,
				01C3F300151C2B0100DED74F /* Frameworks */,
				01C3F2FE151C2B0100DED74F /* Products */,
			);
			sourceTree = "<group>";
		};
		01C3F2FE151C2B0100DED74F /* Products */ = {
			isa = PBXGroup;
			children = (
				01C3F2FD151C2B0100DED74F /* OpenSleep.app */,
			);
			name = Products;
			sourceTree = "<group>";
		};
		01C3F300151C2B0100DED74F /* Frameworks */ = {
			isa = PBXGroup;
			children = (
				01AFB61B15223B280078998E /* MessageUI.framework */,
				01C3F301151C2B0100DED74F /* UIKit.framework */,
				01C3F303151C2B0100DED74F /* Foundation.framework */,
				01C3F305151C2B0100DED74F /* CoreGraphics.framework */,
				01C3F307151C2B0100DED74F /* CoreData.framework */,
			);
			name = Frameworks;
			sourceTree = "<group>";
		};
		01C3F309151C2B0100DED74F /* OpenSleep */ = {
			isa = PBXGroup;
			children = (
				01531C53153FCB7900E55B0D /* OpenSleep.entitlements */,
				01CA2FE0152029C8007B1D52 /* Data View */,
				01CA2FD9152025CA007B1D52 /* Logger */,
				01CA2FCF15201C61007B1D52 /* Logs View */,
				01CA2FCE15201C51007B1D52 /* Config View */,
				01C3F312151C2B0100DED74F /* ZZAppDelegate.h */,
				01C3F313151C2B0100DED74F /* ZZAppDelegate.m */,
				011ED65F151C5E870017C94C /* Core Data */,
				01C3F30A151C2B0100DED74F /* Supporting Files */,
			);
			path = OpenSleep;
			sourceTree = "<group>";
		};
		01C3F30A151C2B0100DED74F /* Supporting Files */ = {
			isa = PBXGroup;
			children = (
				01C3F30B151C2B0100DED74F /* OpenSleep-Info.plist */,
				01C3F30C151C2B0100DED74F /* InfoPlist.strings */,
				01C3F30F151C2B0100DED74F /* main.m */,
				01C3F311151C2B0100DED74F /* OpenSleep-Prefix.pch */,
			);
			name = "Supporting Files";
			sourceTree = "<group>";
		};
		01CA2FCE15201C51007B1D52 /* Config View */ = {
			isa = PBXGroup;
			children = (
				01CA2FC5151EDD2C007B1D52 /* ZZConfigurationViewController.h */,
				01CA2FC6151EDD2C007B1D52 /* ZZConfigurationViewController.m */,
			);
			name = "Config View";
			sourceTree = "<group>";
		};
		01CA2FCF15201C61007B1D52 /* Logs View */ = {
			isa = PBXGroup;
			children = (
				01CA2FCB151EDE83007B1D52 /* ZZLogCell.h */,
				01CA2FCC151EDE83007B1D52 /* ZZLogCell.m */,
				01CA2FC8151EDE52007B1D52 /* ZZLogsViewController.h */,
				01CA2FC9151EDE52007B1D52 /* ZZLogsViewController.m */,
			);
			name = "Logs View";
			sourceTree = "<group>";
		};
		01CA2FD9152025CA007B1D52 /* Logger */ = {
			isa = PBXGroup;
			children = (
				01CA2FD6152025BB007B1D52 /* ZZLogger.h */,
				01CA2FD7152025BB007B1D52 /* ZZLogger.m */,
			);
			name = Logger;
			sourceTree = "<group>";
		};
		01CA2FE0152029C8007B1D52 /* Data View */ = {
			isa = PBXGroup;
			children = (
				01CA2FE2152029F5007B1D52 /* ZZDataViewController.h */,
				01CA2FE3152029F5007B1D52 /* ZZDataViewController.m */,
			);
			name = "Data View";
			sourceTree = "<group>";
		};
		01CA2FE1152029CF007B1D52 /* Machine Files */ = {
			isa = PBXGroup;
			children = (
				011ED661151C5E970017C94C /* _ZZLog.h */,
				011ED662151C5E970017C94C /* _ZZLog.m */,
				011ED663151C5E970017C94C /* _ZZLogEntry.h */,
				011ED664151C5E970017C94C /* _ZZLogEntry.m */,
				011ED665151C5E970017C94C /* _ZZServerObject.h */,
				011ED666151C5E970017C94C /* _ZZServerObject.m */,
				01CA2FDA152028FC007B1D52 /* _ZZAccelerometerLogEntry.h */,
				01CA2FDB152028FC007B1D52 /* _ZZAccelerometerLogEntry.m */,
				01CA2FDC152028FC007B1D52 /* ZZAccelerometerLogEntry.h */,
				01CA2FDD152028FC007B1D52 /* ZZAccelerometerLogEntry.m */,
				01CA2FD015202374007B1D52 /* _ZZSession.h */,
				01CA2FD115202374007B1D52 /* _ZZSession.m */,
			);
			name = "Machine Files";
			sourceTree = "<group>";
		};
/* End PBXGroup section */

/* Begin PBXNativeTarget section */
		01C3F2FC151C2B0100DED74F /* OpenSleep */ = {
			isa = PBXNativeTarget;
			buildConfigurationList = 01C3F31A151C2B0200DED74F /* Build configuration list for PBXNativeTarget "OpenSleep" */;
			buildPhases = (
				01C3F2F9151C2B0100DED74F /* Sources */,
				01C3F2FA151C2B0100DED74F /* Frameworks */,
				01C3F2FB151C2B0100DED74F /* Resources */,
			);
			buildRules = (
			);
			dependencies = (
			);
			name = OpenSleep;
			productName = OpenSleep;
			productReference = 01C3F2FD151C2B0100DED74F /* OpenSleep.app */;
			productType = "com.apple.product-type.application";
		};
/* End PBXNativeTarget section */

/* Begin PBXProject section */
		01C3F2F4151C2B0100DED74F /* Project object */ = {
			isa = PBXProject;
			attributes = {
				CLASSPREFIX = ZZ;
				LastUpgradeCheck = 0430;
			};
			buildConfigurationList = 01C3F2F7151C2B0100DED74F /* Build configuration list for PBXProject "OpenSleep" */;
			compatibilityVersion = "Xcode 3.2";
			developmentRegion = English;
			hasScannedForEncodings = 0;
			knownRegions = (
				en,
			);
			mainGroup = 01C3F2F2151C2B0100DED74F;
			productRefGroup = 01C3F2FE151C2B0100DED74F /* Products */;
			projectDirPath = "";
			projectRoot = "";
			targets = (
				01C3F2FC151C2B0100DED74F /* OpenSleep */,
			);
		};
/* End PBXProject section */

/* Begin PBXResourcesBuildPhase section */
		01C3F2FB151C2B0100DED74F /* Resources */ = {
			isa = PBXResourcesBuildPhase;
			buildActionMask = 2147483647;
			files = (
				01C3F30E151C2B0100DED74F /* InfoPlist.strings in Resources */,
				011ED676151C5FB00017C94C /* FeatureList.rtf in Resources */,
				012E805F153FCCB9003C4406 /* Storyboard.storyboard in Resources */,
			);
			runOnlyForDeploymentPostprocessing = 0;
		};
/* End PBXResourcesBuildPhase section */

/* Begin PBXSourcesBuildPhase section */
		01C3F2F9151C2B0100DED74F /* Sources */ = {
			isa = PBXSourcesBuildPhase;
			buildActionMask = 2147483647;
			files = (
				01C3F310151C2B0100DED74F /* main.m in Sources */,
				01C3F314151C2B0100DED74F /* ZZAppDelegate.m in Sources */,
				01C3F317151C2B0200DED74F /* OpenSleep.xcdatamodeld in Sources */,
				011ED66E151C5E970017C94C /* _ZZLog.m in Sources */,
				011ED66F151C5E970017C94C /* _ZZLogEntry.m in Sources */,
				011ED670151C5E970017C94C /* _ZZServerObject.m in Sources */,
				011ED671151C5E970017C94C /* ZZLog.m in Sources */,
				011ED672151C5E970017C94C /* ZZLogEntry.m in Sources */,
				011ED673151C5E970017C94C /* ZZServerObject.m in Sources */,
				01CA2FC7151EDD2C007B1D52 /* ZZConfigurationViewController.m in Sources */,
				01CA2FCA151EDE52007B1D52 /* ZZLogsViewController.m in Sources */,
				01CA2FCD151EDE83007B1D52 /* ZZLogCell.m in Sources */,
				01CA2FD415202374007B1D52 /* _ZZSession.m in Sources */,
				01CA2FD515202374007B1D52 /* ZZSession.m in Sources */,
				01CA2FD8152025BB007B1D52 /* ZZLogger.m in Sources */,
				01CA2FDE152028FC007B1D52 /* _ZZAccelerometerLogEntry.m in Sources */,
				01CA2FDF152028FC007B1D52 /* ZZAccelerometerLogEntry.m in Sources */,
				01CA2FE4152029F5007B1D52 /* ZZDataViewController.m in Sources */,
			);
			runOnlyForDeploymentPostprocessing = 0;
		};
/* End PBXSourcesBuildPhase section */

/* Begin PBXVariantGroup section */
		01C3F30C151C2B0100DED74F /* InfoPlist.strings */ = {
			isa = PBXVariantGroup;
			children = (
				01C3F30D151C2B0100DED74F /* en */,
			);
			name = InfoPlist.strings;
			sourceTree = "<group>";
		};
/* End PBXVariantGroup section */

/* Begin XCBuildConfiguration section */
		01C3F318151C2B0200DED74F /* Debug */ = {
			isa = XCBuildConfiguration;
			buildSettings = {
				ALWAYS_SEARCH_USER_PATHS = NO;
				ARCHS = "$(ARCHS_STANDARD_32_BIT)";
				"CODE_SIGN_IDENTITY[sdk=iphoneos*]" = "iPhone Developer";
				COPY_PHASE_STRIP = NO;
				GCC_C_LANGUAGE_STANDARD = gnu99;
				GCC_DYNAMIC_NO_PIC = NO;
				GCC_OPTIMIZATION_LEVEL = 0;
				GCC_PREPROCESSOR_DEFINITIONS = (
					"DEBUG=1",
					"$(inherited)",
				);
				GCC_SYMBOLS_PRIVATE_EXTERN = NO;
				GCC_VERSION = com.apple.compilers.llvm.clang.1_0;
				GCC_WARN_ABOUT_RETURN_TYPE = YES;
				GCC_WARN_UNINITIALIZED_AUTOS = YES;
				GCC_WARN_UNUSED_VARIABLE = YES;
				IPHONEOS_DEPLOYMENT_TARGET = 5.1;
				SDKROOT = iphoneos;
			};
			name = Debug;
		};
		01C3F319151C2B0200DED74F /* Release */ = {
			isa = XCBuildConfiguration;
			buildSettings = {
				ALWAYS_SEARCH_USER_PATHS = NO;
				ARCHS = "$(ARCHS_STANDARD_32_BIT)";
				"CODE_SIGN_IDENTITY[sdk=iphoneos*]" = "iPhone Developer";
				COPY_PHASE_STRIP = YES;
				GCC_C_LANGUAGE_STANDARD = gnu99;
				GCC_VERSION = com.apple.compilers.llvm.clang.1_0;
				GCC_WARN_ABOUT_RETURN_TYPE = YES;
				GCC_WARN_UNINITIALIZED_AUTOS = YES;
				GCC_WARN_UNUSED_VARIABLE = YES;
				IPHONEOS_DEPLOYMENT_TARGET = 5.1;
				OTHER_CFLAGS = "-DNS_BLOCK_ASSERTIONS=1";
				SDKROOT = iphoneos;
				VALIDATE_PRODUCT = YES;
			};
			name = Release;
		};
		01C3F31B151C2B0200DED74F /* Debug */ = {
			isa = XCBuildConfiguration;
			buildSettings = {
				CODE_SIGN_ENTITLEMENTS = OpenSleep/OpenSleep.entitlements;
				GCC_INPUT_FILETYPE = sourcecode.cpp.objcpp;
				GCC_PRECOMPILE_PREFIX_HEADER = YES;
				GCC_PREFIX_HEADER = "OpenSleep/OpenSleep-Prefix.pch";
				GCC_PREPROCESSOR_DEFINITIONS = "";
				INFOPLIST_FILE = "OpenSleep/OpenSleep-Info.plist";
				ONLY_ACTIVE_ARCH = YES;
				PRODUCT_NAME = "$(TARGET_NAME)";
				WRAPPER_EXTENSION = app;
			};
			name = Debug;
		};
		01C3F31C151C2B0200DED74F /* Release */ = {
			isa = XCBuildConfiguration;
			buildSettings = {
				CODE_SIGN_ENTITLEMENTS = OpenSleep/OpenSleep.entitlements;
				GCC_INPUT_FILETYPE = sourcecode.cpp.objcpp;
				GCC_PRECOMPILE_PREFIX_HEADER = YES;
				GCC_PREFIX_HEADER = "OpenSleep/OpenSleep-Prefix.pch";
				INFOPLIST_FILE = "OpenSleep/OpenSleep-Info.plist";
				ONLY_ACTIVE_ARCH = YES;
				PRODUCT_NAME = "$(TARGET_NAME)";
				WRAPPER_EXTENSION = app;
			};
			name = Release;
		};
/* End XCBuildConfiguration section */

/* Begin XCConfigurationList section */
		01C3F2F7151C2B0100DED74F /* Build configuration list for PBXProject "OpenSleep" */ = {
			isa = XCConfigurationList;
			buildConfigurations = (
				01C3F318151C2B0200DED74F /* Debug */,
				01C3F319151C2B0200DED74F /* Release */,
			);
			defaultConfigurationIsVisible = 0;
			defaultConfigurationName = Release;
		};
		01C3F31A151C2B0200DED74F /* Build configuration list for PBXNativeTarget "OpenSleep" */ = {
			isa = XCConfigurationList;
			buildConfigurations = (
				01C3F31B151C2B0200DED74F /* Debug */,
				01C3F31C151C2B0200DED74F /* Release */,
			);
			defaultConfigurationIsVisible = 0;
			defaultConfigurationName = Release;
		};
/* End XCConfigurationList section */

/* Begin XCVersionGroup section */
		01C3F315151C2B0200DED74F /* OpenSleep.xcdatamodeld */ = {
			isa = XCVersionGroup;
			children = (
				01C3F316151C2B0200DED74F /* OpenSleep.xcdatamodel */,
			);
			currentVersion = 01C3F316151C2B0200DED74F /* OpenSleep.xcdatamodel */;
			name = OpenSleep.xcdatamodeld;
			path = OpenSleep/OpenSleep.xcdatamodeld;
			sourceTree = "<group>";
			versionGroupType = wrapper.xcdatamodel;
		};
/* End XCVersionGroup section */
	};
	rootObject = 01C3F2F4151C2B0100DED74F /* Project object */;
}
